
Microsoft Visual Studio Solution File, Format Version 12.00
# Visual Studio 15
Project("{FAE04EC0-301F-11D3-BF4B-00C04F79EFBC}") = "yesenin.algs", "yesenin.algs\yesenin.algs.csproj", "{13704018-C78A-4C5A-8A5E-611610C00540}"
EndProject
Project("{FAE04EC0-301F-11D3-BF4B-00C04F79EFBC}") = "yesenin.algs.Tests", "yesenin.algs.Tests\yesenin.algs.Tests.csproj", "{F3A35341-23DD-42F0-9D4E-F90B303D5258}"
EndProject
Global
	GlobalSection(SolutionConfigurationPlatforms) = preSolution
		Debug|Any CPU = Debug|Any CPU
		Release|Any CPU = Release|Any CPU
	EndGlobalSection
	GlobalSection(ProjectConfigurationPlatforms) = postSolution
		{13704018-C78A-4C5A-8A5E-611610C00540}.Debug|Any CPU.ActiveCfg = Debug|Any CPU
		{13704018-C78A-4C5A-8A5E-611610C00540}.Debug|Any CPU.Build.0 = Debug|Any CPU
		{13704018-C78A-4C5A-8A5E-611610C00540}.Release|Any CPU.ActiveCfg = Release|Any CPU
		{13704018-C78A-4C5A-8A5E-611610C00540}.Release|Any CPU.Build.0 = Release|Any CPU
		{F3A35341-23DD-42F0-9D4E-F90B303D5258}.Debug|Any CPU.ActiveCfg = Debug|Any CPU
		{F3A35341-23DD-42F0-9D4E-F90B303D5258}.Debug|Any CPU.Build.0 = Debug|Any CPU
		{F3A35341-23DD-42F0-9D4E-F90B303D5258}.Release|Any CPU.ActiveCfg = Release|Any CPU
		{F3A35341-23DD-42F0-9D4E-F90B303D5258}.Release|Any CPU.Build.0 = Release|Any CPU
	EndGlobalSection
EndGlobal
